// !$*UTF8*$!
{
	archiveVersion = 1;
	classes = {
	};
	objectVersion = 56;
	objects = {

/* Begin PBXBuildFile section */
		CA729A102B5D5439004D7EF6 /* iphoneTestApp.swift in Sources */ = {isa = PBXBuildFile; fileRef = CA729A0F2B5D5439004D7EF6 /* iphoneTestApp.swift */; };
		CA729A122B5D5439004D7EF6 /* ContentView.swift in Sources */ = {isa = PBXBuildFile; fileRef = CA729A112B5D5439004D7EF6 /* ContentView.swift */; };
		CA729A142B5D543C004D7EF6 /* Assets.xcassets in Resources */ = {isa = PBXBuildFile; fileRef = CA729A132B5D543C004D7EF6 /* Assets.xcassets */; };
		CA729A182B5D543C004D7EF6 /* Preview Assets.xcassets in Resources */ = {isa = PBXBuildFile; fileRef = CA729A172B5D543C004D7EF6 /* Preview Assets.xcassets */; };
		CA729A222B5D543C004D7EF6 /* iphoneTestTests.swift in Sources */ = {isa = PBXBuildFile; fileRef = CA729A212B5D543C004D7EF6 /* iphoneTestTests.swift */; };
		CA729A2C2B5D543C004D7EF6 /* iphoneTestUITests.swift in Sources */ = {isa = PBXBuildFile; fileRef = CA729A2B2B5D543C004D7EF6 /* iphoneTestUITests.swift */; };
		CA729A2E2B5D543C004D7EF6 /* iphoneTestUITestsLaunchTests.swift in Sources */ = {isa = PBXBuildFile; fileRef = CA729A2D2B5D543C004D7EF6 /* iphoneTestUITestsLaunchTests.swift */; };
/* End PBXBuildFile section */

/* Begin PBXContainerItemProxy section */
		CA729A1E2B5D543C004D7EF6 /* PBXContainerItemProxy */ = {
			isa = PBXContainerItemProxy;
			containerPortal = CA729A042B5D5439004D7EF6 /* Project object */;
			proxyType = 1;
			remoteGlobalIDString = CA729A0B2B5D5439004D7EF6;
			remoteInfo = iphoneTest;
		};
		CA729A282B5D543C004D7EF6 /* PBXContainerItemProxy */ = {
			isa = PBXContainerItemProxy;
			containerPortal = CA729A042B5D5439004D7EF6 /* Project object */;
			proxyType = 1;
			remoteGlobalIDString = CA729A0B2B5D5439004D7EF6;
			remoteInfo = iphoneTest;
		};
/* End PBXContainerItemProxy section */

/* Begin PBXFileReference section */
		CA729A0C2B5D5439004D7EF6 /* iphoneTest.app */ = {isa = PBXFileReference; explicitFileType = wrapper.application; includeInIndex = 0; path = iphoneTest.app; sourceTree = BUILT_PRODUCTS_DIR; };
		CA729A0F2B5D5439004D7EF6 /* iphoneTestApp.swift */ = {isa = PBXFileReference; lastKnownFileType = sourcecode.swift; path = iphoneTestApp.swift; sourceTree = "<group>"; };
		CA729A112B5D5439004D7EF6 /* ContentView.swift */ = {isa = PBXFileReference; lastKnownFileType = sourcecode.swift; path = ContentView.swift; sourceTree = "<group>"; };
		CA729A132B5D543C004D7EF6 /* Assets.xcassets */ = {isa = PBXFileReference; lastKnownFileType = folder.assetcatalog; path = Assets.xcassets; sourceTree = "<group>"; };
		CA729A152B5D543C004D7EF6 /* iphoneTest.entitlements */ = {isa = PBXFileReference; lastKnownFileType = text.plist.entitlements; path = iphoneTest.entitlements; sourceTree = "<group>"; };
		CA729A172B5D543C004D7EF6 /* Preview Assets.xcassets */ = {isa = PBXFileReference; lastKnownFileType = folder.assetcatalog; path = "Preview Assets.xcassets"; sourceTree = "<group>"; };
		CA729A1D2B5D543C004D7EF6 /* iphoneTestTests.xctest */ = {isa = PBXFileReference; explicitFileType = wrapper.cfbundle; includeInIndex = 0; path = iphoneTestTests.xctest; sourceTree = BUILT_PRODUCTS_DIR; };
		CA729A212B5D543C004D7EF6 /* iphoneTestTests.swift */ = {isa = PBXFileReference; lastKnownFileType = sourcecode.swift; path = iphoneTestTests.swift; sourceTree = "<group>"; };
		CA729A272B5D543C004D7EF6 /* iphoneTestUITests.xctest */ = {isa = PBXFileReference; explicitFileType = wrapper.cfbundle; includeInIndex = 0; path = iphoneTestUITests.xctest; sourceTree = BUILT_PRODUCTS_DIR; };
		CA729A2B2B5D543C004D7EF6 /* iphoneTestUITests.swift */ = {isa = PBXFileReference; lastKnownFileType = sourcecode.swift; path = iphoneTestUITests.swift; sourceTree = "<group>"; };
		CA729A2D2B5D543C004D7EF6 /* iphoneTestUITestsLaunchTests.swift */ = {isa = PBXFileReference; lastKnownFileType = sourcecode.swift; path = iphoneTestUITestsLaunchTests.swift; sourceTree = "<group>"; };
/* End PBXFileReference section */

/* Begin PBXFrameworksBuildPhase section */
		CA729A092B5D5439004D7EF6 /* Frameworks */ = {
			isa = PBXFrameworksBuildPhase;
			buildActionMask = 2147483647;
			files = (
			);
			runOnlyForDeploymentPostprocessing = 0;
		};
		CA729A1A2B5D543C004D7EF6 /* Frameworks */ = {
			isa = PBXFrameworksBuildPhase;
			buildActionMask = 2147483647;
			files = (
			);
			runOnlyForDeploymentPostprocessing = 0;
		};
		CA729A242B5D543C004D7EF6 /* Frameworks */ = {
			isa = PBXFrameworksBuildPhase;
			buildActionMask = 2147483647;
			files = (
			);
			runOnlyForDeploymentPostprocessing = 0;
		};
/* End PBXFrameworksBuildPhase section */

/* Begin PBXGroup section */
		CA729A032B5D5439004D7EF6 = {
			isa = PBXGroup;
			children = (
				CA729A0E2B5D5439004D7EF6 /* iphoneTest */,
				CA729A202B5D543C004D7EF6 /* iphoneTestTests */,
				CA729A2A2B5D543C004D7EF6 /* iphoneTestUITests */,
				CA729A0D2B5D5439004D7EF6 /* Products */,
			);
			sourceTree = "<group>";
		};
		CA729A0D2B5D5439004D7EF6 /* Products */ = {
			isa = PBXGroup;
			children = (
				CA729A0C2B5D5439004D7EF6 /* iphoneTest.app */,
				CA729A1D2B5D543C004D7EF6 /* iphoneTestTests.xctest */,
				CA729A272B5D543C004D7EF6 /* iphoneTestUITests.xctest */,
			);
			name = Products;
			sourceTree = "<group>";
		};
		CA729A0E2B5D5439004D7EF6 /* iphoneTest */ = {
			isa = PBXGroup;
			children = (
				CA729A0F2B5D5439004D7EF6 /* iphoneTestApp.swift */,
				CA729A112B5D5439004D7EF6 /* ContentView.swift */,
				CA729A132B5D543C004D7EF6 /* Assets.xcassets */,
				CA729A152B5D543C004D7EF6 /* iphoneTest.entitlements */,
				CA729A162B5D543C004D7EF6 /* Preview Content */,
			);
			path = iphoneTest;
			sourceTree = "<group>";
		};
		CA729A162B5D543C004D7EF6 /* Preview Content */ = {
			isa = PBXGroup;
			children = (
				CA729A172B5D543C004D7EF6 /* Preview Assets.xcassets */,
			);
			path = "Preview Content";
			sourceTree = "<group>";
		};
		CA729A202B5D543C004D7EF6 /* iphoneTestTests */ = {
			isa = PBXGroup;
			children = (
				CA729A212B5D543C004D7EF6 /* iphoneTestTests.swift */,
			);
			path = iphoneTestTests;
			sourceTree = "<group>";
		};
		CA729A2A2B5D543C004D7EF6 /* iphoneTestUITests */ = {
			isa = PBXGroup;
			children = (
				CA729A2B2B5D543C004D7EF6 /* iphoneTestUITests.swift */,
				CA729A2D2B5D543C004D7EF6 /* iphoneTestUITestsLaunchTests.swift */,
			);
			path = iphoneTestUITests;
			sourceTree = "<group>";
		};
/* End PBXGroup section */

/* Begin PBXNativeTarget section */
		CA729A0B2B5D5439004D7EF6 /* iphoneTest */ = {
			isa = PBXNativeTarget;
			buildConfigurationList = CA729A312B5D543C004D7EF6 /* Build configuration list for PBXNativeTarget "iphoneTest" */;
			buildPhases = (
				CA729A082B5D5439004D7EF6 /* Sources */,
				CA729A092B5D5439004D7EF6 /* Frameworks */,
				CA729A0A2B5D5439004D7EF6 /* Resources */,
			);
			buildRules = (
			);
			dependencies = (
			);
			name = iphoneTest;
			productName = iphoneTest;
			productReference = CA729A0C2B5D5439004D7EF6 /* iphoneTest.app */;
			productType = "com.apple.product-type.application";
		};
		CA729A1C2B5D543C004D7EF6 /* iphoneTestTests */ = {
			isa = PBXNativeTarget;
			buildConfigurationList = CA729A342B5D543C004D7EF6 /* Build configuration list for PBXNativeTarget "iphoneTestTests" */;
			buildPhases = (
				CA729A192B5D543C004D7EF6 /* Sources */,
				CA729A1A2B5D543C004D7EF6 /* Frameworks */,
				CA729A1B2B5D543C004D7EF6 /* Resources */,
			);
			buildRules = (
			);
			dependencies = (
				CA729A1F2B5D543C004D7EF6 /* PBXTargetDependency */,
			);
			name = iphoneTestTests;
			productName = iphoneTestTests;
			productReference = CA729A1D2B5D543C004D7EF6 /* iphoneTestTests.xctest */;
			productType = "com.apple.product-type.bundle.unit-test";
		};
		CA729A262B5D543C004D7EF6 /* iphoneTestUITests */ = {
			isa = PBXNativeTarget;
			buildConfigurationList = CA729A372B5D543C004D7EF6 /* Build configuration list for PBXNativeTarget "iphoneTestUITests" */;
			buildPhases = (
				CA729A232B5D543C004D7EF6 /* Sources */,
				CA729A242B5D543C004D7EF6 /* Frameworks */,
				CA729A252B5D543C004D7EF6 /* Resources */,
			);
			buildRules = (
			);
			dependencies = (
				CA729A292B5D543C004D7EF6 /* PBXTargetDependency */,
			);
			name = iphoneTestUITests;
			productName = iphoneTestUITests;
			productReference = CA729A272B5D543C004D7EF6 /* iphoneTestUITests.xctest */;
			productType = "com.apple.product-type.bundle.ui-testing";
		};
/* End PBXNativeTarget section */

/* Begin PBXProject section */
		CA729A042B5D5439004D7EF6 /* Project object */ = {
			isa = PBXProject;
			attributes = {
				BuildIndependentTargetsInParallel = 1;
				LastSwiftUpdateCheck = 1420;
				LastUpgradeCheck = 1420;
				TargetAttributes = {
					CA729A0B2B5D5439004D7EF6 = {
						CreatedOnToolsVersion = 14.2;
					};
					CA729A1C2B5D543C004D7EF6 = {
						CreatedOnToolsVersion = 14.2;
						TestTargetID = CA729A0B2B5D5439004D7EF6;
					};
					CA729A262B5D543C004D7EF6 = {
						CreatedOnToolsVersion = 14.2;
						TestTargetID = CA729A0B2B5D5439004D7EF6;
					};
				};
			};
			buildConfigurationList = CA729A072B5D5439004D7EF6 /* Build configuration list for PBXProject "iphoneTest" */;
			compatibilityVersion = "Xcode 14.0";
			developmentRegion = en;
			hasScannedForEncodings = 0;
			knownRegions = (
				en,
				Base,
			);
			mainGroup = CA729A032B5D5439004D7EF6;
			productRefGroup = CA729A0D2B5D5439004D7EF6 /* Products */;
			projectDirPath = "";
			projectRoot = "";
			targets = (
				CA729A0B2B5D5439004D7EF6 /* iphoneTest */,
				CA729A1C2B5D543C004D7EF6 /* iphoneTestTests */,
				CA729A262B5D543C004D7EF6 /* iphoneTestUITests */,
			);
		};
/* End PBXProject section */

/* Begin PBXResourcesBuildPhase section */
		CA729A0A2B5D5439004D7EF6 /* Resources */ = {
			isa = PBXResourcesBuildPhase;
			buildActionMask = 2147483647;
			files = (
				CA729A182B5D543C004D7EF6 /* Preview Assets.xcassets in Resources */,
				CA729A142B5D543C004D7EF6 /* Assets.xcassets in Resources */,
			);
			runOnlyForDeploymentPostprocessing = 0;
		};
		CA729A1B2B5D543C004D7EF6 /* Resources */ = {
			isa = PBXResourcesBuildPhase;
			buildActionMask = 2147483647;
			files = (
			);
			runOnlyForDeploymentPostprocessing = 0;
		};
		CA729A252B5D543C004D7EF6 /* Resources */ = {
			isa = PBXResourcesBuildPhase;
			buildActionMask = 2147483647;
			files = (
			);
			runOnlyForDeploymentPostprocessing = 0;
		};
/* End PBXResourcesBuildPhase section */

/* Begin PBXSourcesBuildPhase section */
		CA729A082B5D5439004D7EF6 /* Sources */ = {
			isa = PBXSourcesBuildPhase;
			buildActionMask = 2147483647;
			files = (
				CA729A122B5D5439004D7EF6 /* ContentView.swift in Sources */,
				CA729A102B5D5439004D7EF6 /* iphoneTestApp.swift in Sources */,
			);
			runOnlyForDeploymentPostprocessing = 0;
		};
		CA729A192B5D543C004D7EF6 /* Sources */ = {
			isa = PBXSourcesBuildPhase;
			buildActionMask = 2147483647;
			files = (
				CA729A222B5D543C004D7EF6 /* iphoneTestTests.swift in Sources */,
			);
			runOnlyForDeploymentPostprocessing = 0;
		};
		CA729A232B5D543C004D7EF6 /* Sources */ = {
			isa = PBXSourcesBuildPhase;
			buildActionMask = 2147483647;
			files = (
				CA729A2C2B5D543C004D7EF6 /* iphoneTestUITests.swift in Sources */,
				CA729A2E2B5D543C004D7EF6 /* iphoneTestUITestsLaunchTests.swift in Sources */,
			);
			runOnlyForDeploymentPostprocessing = 0;
		};
/* End PBXSourcesBuildPhase section */

/* Begin PBXTargetDependency section */
		CA729A1F2B5D543C004D7EF6 /* PBXTargetDependency */ = {
			isa = PBXTargetDependency;
			target = CA729A0B2B5D5439004D7EF6 /* iphoneTest */;
			targetProxy = CA729A1E2B5D543C004D7EF6 /* PBXContainerItemProxy */;
		};
		CA729A292B5D543C004D7EF6 /* PBXTargetDependency */ = {
			isa = PBXTargetDependency;
			target = CA729A0B2B5D5439004D7EF6 /* iphoneTest */;
			targetProxy = CA729A282B5D543C004D7EF6 /* PBXContainerItemProxy */;
		};
/* End PBXTargetDependency section */

/* Begin XCBuildConfiguration section */
		CA729A2F2B5D543C004D7EF6 /* Debug */ = {
			isa = XCBuildConfiguration;
			buildSettings = {
				ALWAYS_SEARCH_USER_PATHS = NO;
				CLANG_ANALYZER_NONNULL = YES;
				CLANG_ANALYZER_NUMBER_OBJECT_CONVERSION = YES_AGGRESSIVE;
				CLANG_CXX_LANGUAGE_STANDARD = "gnu++20";
				CLANG_ENABLE_MODULES = YES;
				CLANG_ENABLE_OBJC_ARC = YES;
				CLANG_ENABLE_OBJC_WEAK = YES;
				CLANG_WARN_BLOCK_CAPTURE_AUTORELEASING = YES;
				CLANG_WARN_BOOL_CONVERSION = YES;
				CLANG_WARN_COMMA = YES;
				CLANG_WARN_CONSTANT_CONVERSION = YES;
				CLANG_WARN_DEPRECATED_OBJC_IMPLEMENTATIONS = YES;
				CLANG_WARN_DIRECT_OBJC_ISA_USAGE = YES_ERROR;
				CLANG_WARN_DOCUMENTATION_COMMENTS = YES;
				CLANG_WARN_EMPTY_BODY = YES;
				CLANG_WARN_ENUM_CONVERSION = YES;
				CLANG_WARN_INFINITE_RECURSION = YES;
				CLANG_WARN_INT_CONVERSION = YES;
				CLANG_WARN_NON_LITERAL_NULL_CONVERSION = YES;
				CLANG_WARN_OBJC_IMPLICIT_RETAIN_SELF = YES;
				CLANG_WARN_OBJC_LITERAL_CONVERSION = YES;
				CLANG_WARN_OBJC_ROOT_CLASS = YES_ERROR;
				CLANG_WARN_QUOTED_INCLUDE_IN_FRAMEWORK_HEADER = YES;
				CLANG_WARN_RANGE_LOOP_ANALYSIS = YES;
				CLANG_WARN_STRICT_PROTOTYPES = YES;
				CLANG_WARN_SUSPICIOUS_MOVE = YES;
				CLANG_WARN_UNGUARDED_AVAILABILITY = YES_AGGRESSIVE;
				CLANG_WARN_UNREACHABLE_CODE = YES;
				CLANG_WARN__DUPLICATE_METHOD_MATCH = YES;
				COPY_PHASE_STRIP = NO;
				DEBUG_INFORMATION_FORMAT = dwarf;
				ENABLE_STRICT_OBJC_MSGSEND = YES;
				ENABLE_TESTABILITY = YES;
				GCC_C_LANGUAGE_STANDARD = gnu11;
				GCC_DYNAMIC_NO_PIC = NO;
				GCC_NO_COMMON_BLOCKS = YES;
				GCC_OPTIMIZATION_LEVEL = 0;
				GCC_PREPROCESSOR_DEFINITIONS = (
					"DEBUG=1",
					"$(inherited)",
				);
				GCC_WARN_64_TO_32_BIT_CONVERSION = YES;
				GCC_WARN_ABOUT_RETURN_TYPE = YES_ERROR;
				GCC_WARN_UNDECLARED_SELECTOR = YES;
				GCC_WARN_UNINITIALIZED_AUTOS = YES_AGGRESSIVE;
				GCC_WARN_UNUSED_FUNCTION = YES;
				GCC_WARN_UNUSED_VARIABLE = YES;
				MTL_ENABLE_DEBUG_INFO = INCLUDE_SOURCE;
				MTL_FAST_MATH = YES;
				ONLY_ACTIVE_ARCH = YES;
				SWIFT_ACTIVE_COMPILATION_CONDITIONS = DEBUG;
				SWIFT_OPTIMIZATION_LEVEL = "-Onone";
			};
			name = Debug;
		};
		CA729A302B5D543C004D7EF6 /* Release */ = {
			isa = XCBuildConfiguration;
			buildSettings = {
				ALWAYS_SEARCH_USER_PATHS = NO;
				CLANG_ANALYZER_NONNULL = YES;
				CLANG_ANALYZER_NUMBER_OBJECT_CONVERSION = YES_AGGRESSIVE;
				CLANG_CXX_LANGUAGE_STANDARD = "gnu++20";
				CLANG_ENABLE_MODULES = YES;
				CLANG_ENABLE_OBJC_ARC = YES;
				CLANG_ENABLE_OBJC_WEAK = YES;
				CLANG_WARN_BLOCK_CAPTURE_AUTORELEASING = YES;
				CLANG_WARN_BOOL_CONVERSION = YES;
				CLANG_WARN_COMMA = YES;
				CLANG_WARN_CONSTANT_CONVERSION = YES;
				CLANG_WARN_DEPRECATED_OBJC_IMPLEMENTATIONS = YES;
				CLANG_WARN_DIRECT_OBJC_ISA_USAGE = YES_ERROR;
				CLANG_WARN_DOCUMENTATION_COMMENTS = YES;
				CLANG_WARN_EMPTY_BODY = YES;
				CLANG_WARN_ENUM_CONVERSION = YES;
				CLANG_WARN_INFINITE_RECURSION = YES;
				CLANG_WARN_INT_CONVERSION = YES;
				CLANG_WARN_NON_LITERAL_NULL_CONVERSION = YES;
				CLANG_WARN_OBJC_IMPLICIT_RETAIN_SELF = YES;
				CLANG_WARN_OBJC_LITERAL_CONVERSION = YES;
				CLANG_WARN_OBJC_ROOT_CLASS = YES_ERROR;
				CLANG_WARN_QUOTED_INCLUDE_IN_FRAMEWORK_HEADER = YES;
				CLANG_WARN_RANGE_LOOP_ANALYSIS = YES;
				CLANG_WARN_STRICT_PROTOTYPES = YES;
				CLANG_WARN_SUSPICIOUS_MOVE = YES;
				CLANG_WARN_UNGUARDED_AVAILABILITY = YES_AGGRESSIVE;
				CLANG_WARN_UNREACHABLE_CODE = YES;
				CLANG_WARN__DUPLICATE_METHOD_MATCH = YES;
				COPY_PHASE_STRIP = NO;
				DEBUG_INFORMATION_FORMAT = "dwarf-with-dsym";
				ENABLE_NS_ASSERTIONS = NO;
				ENABLE_STRICT_OBJC_MSGSEND = YES;
				GCC_C_LANGUAGE_STANDARD = gnu11;
				GCC_NO_COMMON_BLOCKS = YES;
				GCC_WARN_64_TO_32_BIT_CONVERSION = YES;
				GCC_WARN_ABOUT_RETURN_TYPE = YES_ERROR;
				GCC_WARN_UNDECLARED_SELECTOR = YES;
				GCC_WARN_UNINITIALIZED_AUTOS = YES_AGGRESSIVE;
				GCC_WARN_UNUSED_FUNCTION = YES;
				GCC_WARN_UNUSED_VARIABLE = YES;
				MTL_ENABLE_DEBUG_INFO = NO;
				MTL_FAST_MATH = YES;
				SWIFT_COMPILATION_MODE = wholemodule;
				SWIFT_OPTIMIZATION_LEVEL = "-O";
			};
			name = Release;
		};
		CA729A322B5D543C004D7EF6 /* Debug */ = {
			isa = XCBuildConfiguration;
			buildSettings = {
				ASSETCATALOG_COMPILER_APPICON_NAME = AppIcon;
				ASSETCATALOG_COMPILER_GLOBAL_ACCENT_COLOR_NAME = AccentColor;
				CODE_SIGN_ENTITLEMENTS = iphoneTest/iphoneTest.entitlements;
				CODE_SIGN_STYLE = Automatic;
				CURRENT_PROJECT_VERSION = 1;
				DEVELOPMENT_ASSET_PATHS = "iphoneTest/Preview\\ Content";
				ENABLE_PREVIEWS = YES;
				GENERATE_INFOPLIST_FILE = YES;
				"INFOPLIST_KEY_UIApplicationSceneManifest_Generation[sdk=iphoneos*]" = YES;
				"INFOPLIST_KEY_UIApplicationSceneManifest_Generation[sdk=iphonesimulator*]" = YES;
				"INFOPLIST_KEY_UIApplicationSupportsIndirectInputEvents[sdk=iphoneos*]" = YES;
				"INFOPLIST_KEY_UIApplicationSupportsIndirectInputEvents[sdk=iphonesimulator*]" = YES;
				"INFOPLIST_KEY_UILaunchScreen_Generation[sdk=iphoneos*]" = YES;
				"INFOPLIST_KEY_UILaunchScreen_Generation[sdk=iphonesimulator*]" = YES;
				"INFOPLIST_KEY_UIStatusBarStyle[sdk=iphoneos*]" = UIStatusBarStyleDefault;
				"INFOPLIST_KEY_UIStatusBarStyle[sdk=iphonesimulator*]" = UIStatusBarStyleDefault;
				INFOPLIST_KEY_UISupportedInterfaceOrientations_iPad = "UIInterfaceOrientationPortrait UIInterfaceOrientationPortraitUpsideDown UIInterfaceOrientationLandscapeLeft UIInterfaceOrientationLandscapeRight";
				INFOPLIST_KEY_UISupportedInterfaceOrientations_iPhone = "UIInterfaceOrientationPortrait UIInterfaceOrientationLandscapeLeft UIInterfaceOrientationLandscapeRight";
				IPHONEOS_DEPLOYMENT_TARGET = 16.2;
				LD_RUNPATH_SEARCH_PATHS = "@executable_path/Frameworks";
				"LD_RUNPATH_SEARCH_PATHS[sdk=macosx*]" = "@executable_path/../Frameworks";
				MACOSX_DEPLOYMENT_TARGET = 12.5;
				MARKETING_VERSION = 1.0;
				PRODUCT_BUNDLE_IDENTIFIER = ttttt.iphoneTest;
				PRODUCT_NAME = "$(TARGET_NAME)";
				SDKROOT = auto;
				SUPPORTED_PLATFORMS = "iphoneos iphonesimulator macosx";
				SWIFT_EMIT_LOC_STRINGS = YES;
				SWIFT_VERSION = 5.0;
				TARGETED_DEVICE_FAMILY = "1,2";
			};
			name = Debug;
		};
		CA729A332B5D543C004D7EF6 /* Release */ = {
			isa = XCBuildConfiguration;
			buildSettings = {
				ASSETCATALOG_COMPILER_APPICON_NAME = AppIcon;
				ASSETCATALOG_COMPILER_GLOBAL_ACCENT_COLOR_NAME = AccentColor;
				CODE_SIGN_ENTITLEMENTS = iphoneTest/iphoneTest.entitlements;
				CODE_SIGN_STYLE = Automatic;
				CURRENT_PROJECT_VERSION = 1;
				DEVELOPMENT_ASSET_PATHS = "iphoneTest/Preview\\ Content";
				ENABLE_PREVIEWS = YES;
				GENERATE_INFOPLIST_FILE = YES;
				"INFOPLIST_KEY_UIApplicationSceneManifest_Generation[sdk=iphoneos*]" = YES;
				"INFOPLIST_KEY_UIApplicationSceneManifest_Generation[sdk=iphonesimulator*]" = YES;
				"INFOPLIST_KEY_UIApplicationSupportsIndirectInputEvents[sdk=iphoneos*]" = YES;
				"INFOPLIST_KEY_UIApplicationSupportsIndirectInputEvents[sdk=iphonesimulator*]" = YES;
				"INFOPLIST_KEY_UILaunchScreen_Generation[sdk=iphoneos*]" = YES;
				"INFOPLIST_KEY_UILaunchScreen_Generation[sdk=iphonesimulator*]" = YES;
				"INFOPLIST_KEY_UIStatusBarStyle[sdk=iphoneos*]" = UIStatusBarStyleDefault;
				"INFOPLIST_KEY_UIStatusBarStyle[sdk=iphonesimulator*]" = UIStatusBarStyleDefault;
				INFOPLIST_KEY_UISupportedInterfaceOrientations_iPad = "UIInterfaceOrientationPortrait UIInterfaceOrientationPortraitUpsideDown UIInterfaceOrientationLandscapeLeft UIInterfaceOrientationLandscapeRight";
				INFOPLIST_KEY_UISupportedInterfaceOrientations_iPhone = "UIInterfaceOrientationPortrait UIInterfaceOrientationLandscapeLeft UIInterfaceOrientationLandscapeRight";
				IPHONEOS_DEPLOYMENT_TARGET = 16.2;
				LD_RUNPATH_SEARCH_PATHS = "@executable_path/Frameworks";
				"LD_RUNPATH_SEARCH_PATHS[sdk=macosx*]" = "@executable_path/../Frameworks";
				MACOSX_DEPLOYMENT_TARGET = 12.5;
				MARKETING_VERSION = 1.0;
				PRODUCT_BUNDLE_IDENTIFIER = ttttt.iphoneTest;
				PRODUCT_NAME = "$(TARGET_NAME)";
				SDKROOT = auto;
				SUPPORTED_PLATFORMS = "iphoneos iphonesimulator macosx";
				SWIFT_EMIT_LOC_STRINGS = YES;
				SWIFT_VERSION = 5.0;
				TARGETED_DEVICE_FAMILY = "1,2";
			};
			name = Release;
		};
		CA729A352B5D543C004D7EF6 /* Debug */ = {
			isa = XCBuildConfiguration;
			buildSettings = {
				ALWAYS_EMBED_SWIFT_STANDARD_LIBRARIES = YES;
				BUNDLE_LOADER = "$(TEST_HOST)";
				CODE_SIGN_STYLE = Automatic;
				CURRENT_PROJECT_VERSION = 1;
				GENERATE_INFOPLIST_FILE = YES;
				IPHONEOS_DEPLOYMENT_TARGET = 16.2;
				MACOSX_DEPLOYMENT_TARGET = 12.5;
				MARKETING_VERSION = 1.0;
				PRODUCT_BUNDLE_IDENTIFIER = ttttt.iphoneTestTests;
				PRODUCT_NAME = "$(TARGET_NAME)";
				SDKROOT = auto;
				SUPPORTED_PLATFORMS = "iphoneos iphonesimulator macosx";
				SWIFT_EMIT_LOC_STRINGS = NO;
				SWIFT_VERSION = 5.0;
				TARGETED_DEVICE_FAMILY = "1,2";
				TEST_HOST = "$(BUILT_PRODUCTS_DIR)/iphoneTest.app/$(BUNDLE_EXECUTABLE_FOLDER_PATH)/iphoneTest";
			};
			name = Debug;
		};
		CA729A362B5D543C004D7EF6 /* Release */ = {
			isa = XCBuildConfiguration;
			buildSettings = {
				ALWAYS_EMBED_SWIFT_STANDARD_LIBRARIES = YES;
				BUNDLE_LOADER = "$(TEST_HOST)";
				CODE_SIGN_STYLE = Automatic;
				CURRENT_PROJECT_VERSION = 1;
				GENERATE_INFOPLIST_FILE = YES;
				IPHONEOS_DEPLOYMENT_TARGET = 16.2;
				MACOSX_DEPLOYMENT_TARGET = 12.5;
				MARKETING_VERSION = 1.0;
				PRODUCT_BUNDLE_IDENTIFIER = ttttt.iphoneTestTests;
				PRODUCT_NAME = "$(TARGET_NAME)";
				SDKROOT = auto;
				SUPPORTED_PLATFORMS = "iphoneos iphonesimulator macosx";
				SWIFT_EMIT_LOC_STRINGS = NO;
				SWIFT_VERSION = 5.0;
				TARGETED_DEVICE_FAMILY = "1,2";
				TEST_HOST = "$(BUILT_PRODUCTS_DIR)/iphoneTest.app/$(BUNDLE_EXECUTABLE_FOLDER_PATH)/iphoneTest";
			};
			name = Release;
		};
		CA729A382B5D543C004D7EF6 /* Debug */ = {
			isa = XCBuildConfiguration;
			buildSettings = {
				ALWAYS_EMBED_SWIFT_STANDARD_LIBRARIES = YES;
				CODE_SIGN_STYLE = Automatic;
				CURRENT_PROJECT_VERSION = 1;
				GENERATE_INFOPLIST_FILE = YES;
				IPHONEOS_DEPLOYMENT_TARGET = 16.2;
				MACOSX_DEPLOYMENT_TARGET = 12.5;
				MARKETING_VERSION = 1.0;
				PRODUCT_BUNDLE_IDENTIFIER = ttttt.iphoneTestUITests;
				PRODUCT_NAME = "$(TARGET_NAME)";
				SDKROOT = auto;
				SUPPORTED_PLATFORMS = "iphoneos iphonesimulator macosx";
				SWIFT_EMIT_LOC_STRINGS = NO;
				SWIFT_VERSION = 5.0;
				TARGETED_DEVICE_FAMILY = "1,2";
				TEST_TARGET_NAME = iphoneTest;
			};
			name = Debug;
		};
		CA729A392B5D543C004D7EF6 /* Release */ = {
			isa = XCBuildConfiguration;
			buildSettings = {
				ALWAYS_EMBED_SWIFT_STANDARD_LIBRARIES = YES;
				CODE_SIGN_STYLE = Automatic;
				CURRENT_PROJECT_VERSION = 1;
				GENERATE_INFOPLIST_FILE = YES;
				IPHONEOS_DEPLOYMENT_TARGET = 16.2;
				MACOSX_DEPLOYMENT_TARGET = 12.5;
				MARKETING_VERSION = 1.0;
				PRODUCT_BUNDLE_IDENTIFIER = ttttt.iphoneTestUITests;
				PRODUCT_NAME = "$(TARGET_NAME)";
				SDKROOT = auto;
				SUPPORTED_PLATFORMS = "iphoneos iphonesimulator macosx";
				SWIFT_EMIT_LOC_STRINGS = NO;
				SWIFT_VERSION = 5.0;
				TARGETED_DEVICE_FAMILY = "1,2";
				TEST_TARGET_NAME = iphoneTest;
			};
			name = Release;
		};
/* End XCBuildConfiguration section */

/* Begin XCConfigurationList section */
		CA729A072B5D5439004D7EF6 /* Build configuration list for PBXProject "iphoneTest" */ = {
			isa = XCConfigurationList;
			buildConfigurations = (
				CA729A2F2B5D543C004D7EF6 /* Debug */,
				CA729A302B5D543C004D7EF6 /* Release */,
			);
			defaultConfigurationIsVisible = 0;
			defaultConfigurationName = Release;
		};
		CA729A312B5D543C004D7EF6 /* Build configuration list for PBXNativeTarget "iphoneTest" */ = {
			isa = XCConfigurationList;
			buildConfigurations = (
				CA729A322B5D543C004D7EF6 /* Debug */,
				CA729A332B5D543C004D7EF6 /* Release */,
			);
			defaultConfigurationIsVisible = 0;
			defaultConfigurationName = Release;
		};
		CA729A342B5D543C004D7EF6 /* Build configuration list for PBXNativeTarget "iphoneTestTests" */ = {
			isa = XCConfigurationList;
			buildConfigurations = (
				CA729A352B5D543C004D7EF6 /* Debug */,
				CA729A362B5D543C004D7EF6 /* Release */,
			);
			defaultConfigurationIsVisible = 0;
			defaultConfigurationName = Release;
		};
		CA729A372B5D543C004D7EF6 /* Build configuration list for PBXNativeTarget "iphoneTestUITests" */ = {
			isa = XCConfigurationList;
			buildConfigurations = (
				CA729A382B5D543C004D7EF6 /* Debug */,
				CA729A392B5D543C004D7EF6 /* Release */,
			);
			defaultConfigurationIsVisible = 0;
			defaultConfigurationName = Release;
		};
/* End XCConfigurationList section */
	};
	rootObject = CA729A042B5D5439004D7EF6 /* Project object */;
}
